
Microsoft Visual Studio Solution File, Format Version 12.00
# Visual Studio Version 17
VisualStudioVersion = 17.1.31911.260
MinimumVisualStudioVersion = 10.0.40219.1
Project("{FAE04EC0-301F-11D3-BF4B-00C04F79EFBC}") = "PostCommentToMarkdownPR", "PostCommentToMarkdownPR\PostCommentToMarkdownPR.csproj", "{D039D91D-5EFE-4A91-842C-117BDDD25755}"
EndProject
Global
	GlobalSection(SolutionConfigurationPlatforms) = preSolution
		Debug|Any CPU = Debug|Any CPU
		Release|Any CPU = Release|Any CPU
	EndGlobalSection
	GlobalSection(ProjectConfigurationPlatforms) = postSolution
		{D039D91D-5EFE-4A91-842C-117BDDD25755}.Debug|Any CPU.ActiveCfg = Debug|Any CPU
		{D039D91D-5EFE-4A91-842C-117BDDD25755}.Debug|Any CPU.Build.0 = Debug|Any CPU
		{D039D91D-5EFE-4A91-842C-117BDDD25755}.Release|Any CPU.ActiveCfg = Release|Any CPU
		{D039D91D-5EFE-4A91-842C-117BDDD25755}.Release|Any CPU.Build.0 = Release|Any CPU
	EndGlobalSection
	GlobalSection(SolutionProperties) = preSolution
		HideSolutionNode = FALSE
	EndGlobalSection
	GlobalSection(ExtensibilityGlobals) = postSolution
		SolutionGuid = {F86EC7D2-0589-4BD6-9A9F-5B69A0C73484}
	EndGlobalSection
EndGlobal
